// !$*UTF8*$!
{
	archiveVersion = 1;
	classes = {
	};
	objectVersion = 56;
	objects = {

/* Begin PBXBuildFile section */
		803DF43A2A70165400F4C871 /* IntegrationCaseManager.swift in Sources */ = {isa = PBXBuildFile; fileRef = 803DF40A2A70165400F4C871 /* IntegrationCaseManager.swift */; };
		803DF43B2A70165400F4C871 /* IntegrationCase.swift in Sources */ = {isa = PBXBuildFile; fileRef = 803DF40B2A70165400F4C871 /* IntegrationCase.swift */; };
		803DF43C2A70165400F4C871 /* IntegrationKind.swift in Sources */ = {isa = PBXBuildFile; fileRef = 803DF40C2A70165400F4C871 /* IntegrationKind.swift */; };
		803DF43D2A70165400F4C871 /* AdFormat.swift in Sources */ = {isa = PBXBuildFile; fileRef = 803DF40D2A70165400F4C871 /* AdFormat.swift */; };
		803DF43E2A70165400F4C871 /* AdGridDemoLogger.swift in Sources */ = {isa = PBXBuildFile; fileRef = 803DF40F2A70165400F4C871 /* AdGridDemoLogger.swift */; };
		803DF4452A70165400F4C871 /* ExamplesViewController.swift in Sources */ = {isa = PBXBuildFile; fileRef = 803DF4182A70165400F4C871 /* ExamplesViewController.swift */; };
		803DF4462A70165400F4C871 /* GAMOriginalAPIDisplayBannerViewController.swift in Sources */ = {isa = PBXBuildFile; fileRef = 803DF41A2A70165400F4C871 /* GAMOriginalAPIDisplayBannerViewController.swift */; };
		803DF4562A70165400F4C871 /* BannerBaseViewController.swift in Sources */ = {isa = PBXBuildFile; fileRef = 803DF42E2A70165400F4C871 /* BannerBaseViewController.swift */; };
		803DF4572A70165400F4C871 /* BannerBaseViewController.xib in Resources */ = {isa = PBXBuildFile; fileRef = 803DF42F2A70165400F4C871 /* BannerBaseViewController.xib */; };
		803DF4602A70190300F4C871 /* UIButton+Extensions.swift in Sources */ = {isa = PBXBuildFile; fileRef = 803DF45F2A70190300F4C871 /* UIButton+Extensions.swift */; };
		804A8AB92A93CF8000A976CC /* AdGridSDK in Frameworks */ = {isa = PBXBuildFile; productRef = 804A8AB82A93CF8000A976CC /* AdGridSDK */; };
		808AAD742A6C9899008A7DEB /* AppDelegate.swift in Sources */ = {isa = PBXBuildFile; fileRef = 808AAD732A6C9899008A7DEB /* AppDelegate.swift */; };
		808AAD762A6C9899008A7DEB /* SceneDelegate.swift in Sources */ = {isa = PBXBuildFile; fileRef = 808AAD752A6C9899008A7DEB /* SceneDelegate.swift */; };
		808AAD7B2A6C9899008A7DEB /* Main.storyboard in Resources */ = {isa = PBXBuildFile; fileRef = 808AAD792A6C9899008A7DEB /* Main.storyboard */; };
		808AAD7D2A6C989B008A7DEB /* Assets.xcassets in Resources */ = {isa = PBXBuildFile; fileRef = 808AAD7C2A6C989B008A7DEB /* Assets.xcassets */; };
		808AAD802A6C989B008A7DEB /* LaunchScreen.storyboard in Resources */ = {isa = PBXBuildFile; fileRef = 808AAD7E2A6C989B008A7DEB /* LaunchScreen.storyboard */; };
/* End PBXBuildFile section */

/* Begin PBXCopyFilesBuildPhase section */
		803DF4632A705D2800F4C871 /* Embed Frameworks */ = {
			isa = PBXCopyFilesBuildPhase;
			buildActionMask = 2147483647;
			dstPath = "";
			dstSubfolderSpec = 10;
			files = (
			);
			name = "Embed Frameworks";
			runOnlyForDeploymentPostprocessing = 0;
		};
/* End PBXCopyFilesBuildPhase section */

/* Begin PBXFileReference section */
		803DF40A2A70165400F4C871 /* IntegrationCaseManager.swift */ = {isa = PBXFileReference; fileEncoding = 4; lastKnownFileType = sourcecode.swift; path = IntegrationCaseManager.swift; sourceTree = "<group>"; };
		803DF40B2A70165400F4C871 /* IntegrationCase.swift */ = {isa = PBXFileReference; fileEncoding = 4; lastKnownFileType = sourcecode.swift; path = IntegrationCase.swift; sourceTree = "<group>"; };
		803DF40C2A70165400F4C871 /* IntegrationKind.swift */ = {isa = PBXFileReference; fileEncoding = 4; lastKnownFileType = sourcecode.swift; path = IntegrationKind.swift; sourceTree = "<group>"; };
		803DF40D2A70165400F4C871 /* AdFormat.swift */ = {isa = PBXFileReference; fileEncoding = 4; lastKnownFileType = sourcecode.swift; path = AdFormat.swift; sourceTree = "<group>"; };
		803DF40F2A70165400F4C871 /* AdGridDemoLogger.swift */ = {isa = PBXFileReference; fileEncoding = 4; lastKnownFileType = sourcecode.swift; path = AdGridDemoLogger.swift; sourceTree = "<group>"; };
		803DF4182A70165400F4C871 /* ExamplesViewController.swift */ = {isa = PBXFileReference; fileEncoding = 4; lastKnownFileType = sourcecode.swift; path = ExamplesViewController.swift; sourceTree = "<group>"; };
		803DF41A2A70165400F4C871 /* GAMOriginalAPIDisplayBannerViewController.swift */ = {isa = PBXFileReference; fileEncoding = 4; lastKnownFileType = sourcecode.swift; path = GAMOriginalAPIDisplayBannerViewController.swift; sourceTree = "<group>"; };
		803DF42E2A70165400F4C871 /* BannerBaseViewController.swift */ = {isa = PBXFileReference; fileEncoding = 4; lastKnownFileType = sourcecode.swift; path = BannerBaseViewController.swift; sourceTree = "<group>"; };
		803DF42F2A70165400F4C871 /* BannerBaseViewController.xib */ = {isa = PBXFileReference; fileEncoding = 4; lastKnownFileType = file.xib; path = BannerBaseViewController.xib; sourceTree = "<group>"; };
		803DF45F2A70190300F4C871 /* UIButton+Extensions.swift */ = {isa = PBXFileReference; lastKnownFileType = sourcecode.swift; path = "UIButton+Extensions.swift"; sourceTree = "<group>"; };
		808AAD702A6C9899008A7DEB /* AdGridTestApp.app */ = {isa = PBXFileReference; explicitFileType = wrapper.application; includeInIndex = 0; path = AdGridTestApp.app; sourceTree = BUILT_PRODUCTS_DIR; };
		808AAD732A6C9899008A7DEB /* AppDelegate.swift */ = {isa = PBXFileReference; lastKnownFileType = sourcecode.swift; path = AppDelegate.swift; sourceTree = "<group>"; };
		808AAD752A6C9899008A7DEB /* SceneDelegate.swift */ = {isa = PBXFileReference; lastKnownFileType = sourcecode.swift; path = SceneDelegate.swift; sourceTree = "<group>"; };
		808AAD7A2A6C9899008A7DEB /* Base */ = {isa = PBXFileReference; lastKnownFileType = file.storyboard; name = Base; path = Base.lproj/Main.storyboard; sourceTree = "<group>"; };
		808AAD7C2A6C989B008A7DEB /* Assets.xcassets */ = {isa = PBXFileReference; lastKnownFileType = folder.assetcatalog; path = Assets.xcassets; sourceTree = "<group>"; };
		808AAD7F2A6C989B008A7DEB /* Base */ = {isa = PBXFileReference; lastKnownFileType = file.storyboard; name = Base; path = Base.lproj/LaunchScreen.storyboard; sourceTree = "<group>"; };
		808AAD812A6C989B008A7DEB /* Info.plist */ = {isa = PBXFileReference; lastKnownFileType = text.plist.xml; path = Info.plist; sourceTree = "<group>"; };
/* End PBXFileReference section */

/* Begin PBXFrameworksBuildPhase section */
		808AAD6D2A6C9899008A7DEB /* Frameworks */ = {
			isa = PBXFrameworksBuildPhase;
			buildActionMask = 2147483647;
			files = (
				804A8AB92A93CF8000A976CC /* AdGridSDK in Frameworks */,
			);
			runOnlyForDeploymentPostprocessing = 0;
		};
/* End PBXFrameworksBuildPhase section */

/* Begin PBXGroup section */
		803DF4062A70165400F4C871 /* Demo */ = {
			isa = PBXGroup;
			children = (
				803DF45E2A7018E600F4C871 /* Extensions */,
				803DF4092A70165400F4C871 /* IntegrationCase */,
				803DF40E2A70165400F4C871 /* Utils */,
				803DF4102A70165400F4C871 /* Examples */,
				803DF42C2A70165400F4C871 /* BaseViewControllers */,
			);
			path = Demo;
			sourceTree = "<group>";
		};
		803DF4092A70165400F4C871 /* IntegrationCase */ = {
			isa = PBXGroup;
			children = (
				803DF40A2A70165400F4C871 /* IntegrationCaseManager.swift */,
				803DF40B2A70165400F4C871 /* IntegrationCase.swift */,
				803DF40C2A70165400F4C871 /* IntegrationKind.swift */,
				803DF40D2A70165400F4C871 /* AdFormat.swift */,
			);
			path = IntegrationCase;
			sourceTree = "<group>";
		};
		803DF40E2A70165400F4C871 /* Utils */ = {
			isa = PBXGroup;
			children = (
				803DF40F2A70165400F4C871 /* AdGridDemoLogger.swift */,
			);
			path = Utils;
			sourceTree = "<group>";
		};
		803DF4102A70165400F4C871 /* Examples */ = {
			isa = PBXGroup;
			children = (
				803DF4182A70165400F4C871 /* ExamplesViewController.swift */,
				803DF4192A70165400F4C871 /* GAM */,
			);
			path = Examples;
			sourceTree = "<group>";
		};
		803DF4192A70165400F4C871 /* GAM */ = {
			isa = PBXGroup;
			children = (
				803DF41A2A70165400F4C871 /* GAMOriginalAPIDisplayBannerViewController.swift */,
			);
			path = GAM;
			sourceTree = "<group>";
		};
		803DF42C2A70165400F4C871 /* BaseViewControllers */ = {
			isa = PBXGroup;
			children = (
				803DF42D2A70165400F4C871 /* BannerBaseViewController */,
			);
			path = BaseViewControllers;
			sourceTree = "<group>";
		};
		803DF42D2A70165400F4C871 /* BannerBaseViewController */ = {
			isa = PBXGroup;
			children = (
				803DF42E2A70165400F4C871 /* BannerBaseViewController.swift */,
				803DF42F2A70165400F4C871 /* BannerBaseViewController.xib */,
			);
			path = BannerBaseViewController;
			sourceTree = "<group>";
		};
		803DF45E2A7018E600F4C871 /* Extensions */ = {
			isa = PBXGroup;
			children = (
				803DF45F2A70190300F4C871 /* UIButton+Extensions.swift */,
			);
			path = Extensions;
			sourceTree = "<group>";
		};
		808AAD672A6C9899008A7DEB = {
			isa = PBXGroup;
			children = (
				808AAD722A6C9899008A7DEB /* AdGridTestApp */,
				808AAD712A6C9899008A7DEB /* Products */,
				808AAD872A6C98C5008A7DEB /* Frameworks */,
			);
			sourceTree = "<group>";
		};
		808AAD712A6C9899008A7DEB /* Products */ = {
			isa = PBXGroup;
			children = (
				808AAD702A6C9899008A7DEB /* AdGridTestApp.app */,
			);
			name = Products;
			sourceTree = "<group>";
		};
		808AAD722A6C9899008A7DEB /* AdGridTestApp */ = {
			isa = PBXGroup;
			children = (
				803DF4062A70165400F4C871 /* Demo */,
				808AAD732A6C9899008A7DEB /* AppDelegate.swift */,
				808AAD752A6C9899008A7DEB /* SceneDelegate.swift */,
				808AAD792A6C9899008A7DEB /* Main.storyboard */,
				808AAD7C2A6C989B008A7DEB /* Assets.xcassets */,
				808AAD7E2A6C989B008A7DEB /* LaunchScreen.storyboard */,
				808AAD812A6C989B008A7DEB /* Info.plist */,
			);
			path = AdGridTestApp;
			sourceTree = "<group>";
		};
		808AAD872A6C98C5008A7DEB /* Frameworks */ = {
			isa = PBXGroup;
			children = (
			);
			name = Frameworks;
			sourceTree = "<group>";
		};
/* End PBXGroup section */

/* Begin PBXNativeTarget section */
		808AAD6F2A6C9899008A7DEB /* AdGridTestApp */ = {
			isa = PBXNativeTarget;
			buildConfigurationList = 808AAD842A6C989B008A7DEB /* Build configuration list for PBXNativeTarget "AdGridTestApp" */;
			buildPhases = (
				808AAD6C2A6C9899008A7DEB /* Sources */,
				808AAD6D2A6C9899008A7DEB /* Frameworks */,
				808AAD6E2A6C9899008A7DEB /* Resources */,
				803DF4632A705D2800F4C871 /* Embed Frameworks */,
			);
			buildRules = (
			);
			dependencies = (
			);
			name = AdGridTestApp;
			packageProductDependencies = (
				804A8AB82A93CF8000A976CC /* AdGridSDK */,
			);
			productName = AdGridTestApp;
			productReference = 808AAD702A6C9899008A7DEB /* AdGridTestApp.app */;
			productType = "com.apple.product-type.application";
		};
/* End PBXNativeTarget section */

/* Begin PBXProject section */
		808AAD682A6C9899008A7DEB /* Project object */ = {
			isa = PBXProject;
			attributes = {
				BuildIndependentTargetsInParallel = 1;
				LastSwiftUpdateCheck = 1430;
				LastUpgradeCheck = 1430;
				TargetAttributes = {
					808AAD6F2A6C9899008A7DEB = {
						CreatedOnToolsVersion = 14.3.1;
					};
				};
			};
			buildConfigurationList = 808AAD6B2A6C9899008A7DEB /* Build configuration list for PBXProject "AdGridTestApp" */;
			compatibilityVersion = "Xcode 14.0";
			developmentRegion = en;
			hasScannedForEncodings = 0;
			knownRegions = (
				en,
				Base,
			);
			mainGroup = 808AAD672A6C9899008A7DEB;
			packageReferences = (
				804A8AB72A93CF8000A976CC /* XCRemoteSwiftPackageReference "IOS-Mobile-SDK" */,
			);
			productRefGroup = 808AAD712A6C9899008A7DEB /* Products */;
			projectDirPath = "";
			projectRoot = "";
			targets = (
				808AAD6F2A6C9899008A7DEB /* AdGridTestApp */,
			);
		};
/* End PBXProject section */

/* Begin PBXResourcesBuildPhase section */
		808AAD6E2A6C9899008A7DEB /* Resources */ = {
			isa = PBXResourcesBuildPhase;
			buildActionMask = 2147483647;
			files = (
				808AAD802A6C989B008A7DEB /* LaunchScreen.storyboard in Resources */,
				803DF4572A70165400F4C871 /* BannerBaseViewController.xib in Resources */,
				808AAD7D2A6C989B008A7DEB /* Assets.xcassets in Resources */,
				808AAD7B2A6C9899008A7DEB /* Main.storyboard in Resources */,
			);
			runOnlyForDeploymentPostprocessing = 0;
		};
/* End PBXResourcesBuildPhase section */

/* Begin PBXSourcesBuildPhase section */
		808AAD6C2A6C9899008A7DEB /* Sources */ = {
			isa = PBXSourcesBuildPhase;
			buildActionMask = 2147483647;
			files = (
				808AAD742A6C9899008A7DEB /* AppDelegate.swift in Sources */,
				803DF4452A70165400F4C871 /* ExamplesViewController.swift in Sources */,
				808AAD762A6C9899008A7DEB /* SceneDelegate.swift in Sources */,
				803DF43A2A70165400F4C871 /* IntegrationCaseManager.swift in Sources */,
				803DF4602A70190300F4C871 /* UIButton+Extensions.swift in Sources */,
				803DF4562A70165400F4C871 /* BannerBaseViewController.swift in Sources */,
				803DF43E2A70165400F4C871 /* AdGridDemoLogger.swift in Sources */,
				803DF4462A70165400F4C871 /* GAMOriginalAPIDisplayBannerViewController.swift in Sources */,
				803DF43D2A70165400F4C871 /* AdFormat.swift in Sources */,
				803DF43C2A70165400F4C871 /* IntegrationKind.swift in Sources */,
				803DF43B2A70165400F4C871 /* IntegrationCase.swift in Sources */,
			);
			runOnlyForDeploymentPostprocessing = 0;
		};
/* End PBXSourcesBuildPhase section */

/* Begin PBXVariantGroup section */
		808AAD792A6C9899008A7DEB /* Main.storyboard */ = {
			isa = PBXVariantGroup;
			children = (
				808AAD7A2A6C9899008A7DEB /* Base */,
			);
			name = Main.storyboard;
			sourceTree = "<group>";
		};
		808AAD7E2A6C989B008A7DEB /* LaunchScreen.storyboard */ = {
			isa = PBXVariantGroup;
			children = (
				808AAD7F2A6C989B008A7DEB /* Base */,
			);
			name = LaunchScreen.storyboard;
			sourceTree = "<group>";
		};
/* End PBXVariantGroup section */

/* Begin XCBuildConfiguration section */
		808AAD822A6C989B008A7DEB /* Debug */ = {
			isa = XCBuildConfiguration;
			buildSettings = {
				ALWAYS_SEARCH_USER_PATHS = NO;
				CLANG_ANALYZER_NONNULL = YES;
				CLANG_ANALYZER_NUMBER_OBJECT_CONVERSION = YES_AGGRESSIVE;
				CLANG_CXX_LANGUAGE_STANDARD = "gnu++20";
				CLANG_ENABLE_MODULES = YES;
				CLANG_ENABLE_OBJC_ARC = YES;
				CLANG_ENABLE_OBJC_WEAK = YES;
				CLANG_WARN_BLOCK_CAPTURE_AUTORELEASING = YES;
				CLANG_WARN_BOOL_CONVERSION = YES;
				CLANG_WARN_COMMA = YES;
				CLANG_WARN_CONSTANT_CONVERSION = YES;
				CLANG_WARN_DEPRECATED_OBJC_IMPLEMENTATIONS = YES;
				CLANG_WARN_DIRECT_OBJC_ISA_USAGE = YES_ERROR;
				CLANG_WARN_DOCUMENTATION_COMMENTS = YES;
				CLANG_WARN_EMPTY_BODY = YES;
				CLANG_WARN_ENUM_CONVERSION = YES;
				CLANG_WARN_INFINITE_RECURSION = YES;
				CLANG_WARN_INT_CONVERSION = YES;
				CLANG_WARN_NON_LITERAL_NULL_CONVERSION = YES;
				CLANG_WARN_OBJC_IMPLICIT_RETAIN_SELF = YES;
				CLANG_WARN_OBJC_LITERAL_CONVERSION = YES;
				CLANG_WARN_OBJC_ROOT_CLASS = YES_ERROR;
				CLANG_WARN_QUOTED_INCLUDE_IN_FRAMEWORK_HEADER = YES;
				CLANG_WARN_RANGE_LOOP_ANALYSIS = YES;
				CLANG_WARN_STRICT_PROTOTYPES = YES;
				CLANG_WARN_SUSPICIOUS_MOVE = YES;
				CLANG_WARN_UNGUARDED_AVAILABILITY = YES_AGGRESSIVE;
				CLANG_WARN_UNREACHABLE_CODE = YES;
				CLANG_WARN__DUPLICATE_METHOD_MATCH = YES;
				COPY_PHASE_STRIP = NO;
				DEBUG_INFORMATION_FORMAT = dwarf;
				ENABLE_STRICT_OBJC_MSGSEND = YES;
				ENABLE_TESTABILITY = YES;
				GCC_C_LANGUAGE_STANDARD = gnu11;
				GCC_DYNAMIC_NO_PIC = NO;
				GCC_NO_COMMON_BLOCKS = YES;
				GCC_OPTIMIZATION_LEVEL = 0;
				GCC_PREPROCESSOR_DEFINITIONS = (
					"DEBUG=1",
					"$(inherited)",
				);
				GCC_WARN_64_TO_32_BIT_CONVERSION = YES;
				GCC_WARN_ABOUT_RETURN_TYPE = YES_ERROR;
				GCC_WARN_UNDECLARED_SELECTOR = YES;
				GCC_WARN_UNINITIALIZED_AUTOS = YES_AGGRESSIVE;
				GCC_WARN_UNUSED_FUNCTION = YES;
				GCC_WARN_UNUSED_VARIABLE = YES;
				IPHONEOS_DEPLOYMENT_TARGET = 16.4;
				MTL_ENABLE_DEBUG_INFO = INCLUDE_SOURCE;
				MTL_FAST_MATH = YES;
				ONLY_ACTIVE_ARCH = YES;
				SDKROOT = iphoneos;
				SWIFT_ACTIVE_COMPILATION_CONDITIONS = DEBUG;
				SWIFT_OPTIMIZATION_LEVEL = "-Onone";
			};
			name = Debug;
		};
		808AAD832A6C989B008A7DEB /* Release */ = {
			isa = XCBuildConfiguration;
			buildSettings = {
				ALWAYS_SEARCH_USER_PATHS = NO;
				CLANG_ANALYZER_NONNULL = YES;
				CLANG_ANALYZER_NUMBER_OBJECT_CONVERSION = YES_AGGRESSIVE;
				CLANG_CXX_LANGUAGE_STANDARD = "gnu++20";
				CLANG_ENABLE_MODULES = YES;
				CLANG_ENABLE_OBJC_ARC = YES;
				CLANG_ENABLE_OBJC_WEAK = YES;
				CLANG_WARN_BLOCK_CAPTURE_AUTORELEASING = YES;
				CLANG_WARN_BOOL_CONVERSION = YES;
				CLANG_WARN_COMMA = YES;
				CLANG_WARN_CONSTANT_CONVERSION = YES;
				CLANG_WARN_DEPRECATED_OBJC_IMPLEMENTATIONS = YES;
				CLANG_WARN_DIRECT_OBJC_ISA_USAGE = YES_ERROR;
				CLANG_WARN_DOCUMENTATION_COMMENTS = YES;
				CLANG_WARN_EMPTY_BODY = YES;
				CLANG_WARN_ENUM_CONVERSION = YES;
				CLANG_WARN_INFINITE_RECURSION = YES;
				CLANG_WARN_INT_CONVERSION = YES;
				CLANG_WARN_NON_LITERAL_NULL_CONVERSION = YES;
				CLANG_WARN_OBJC_IMPLICIT_RETAIN_SELF = YES;
				CLANG_WARN_OBJC_LITERAL_CONVERSION = YES;
				CLANG_WARN_OBJC_ROOT_CLASS = YES_ERROR;
				CLANG_WARN_QUOTED_INCLUDE_IN_FRAMEWORK_HEADER = YES;
				CLANG_WARN_RANGE_LOOP_ANALYSIS = YES;
				CLANG_WARN_STRICT_PROTOTYPES = YES;
				CLANG_WARN_SUSPICIOUS_MOVE = YES;
				CLANG_WARN_UNGUARDED_AVAILABILITY = YES_AGGRESSIVE;
				CLANG_WARN_UNREACHABLE_CODE = YES;
				CLANG_WARN__DUPLICATE_METHOD_MATCH = YES;
				COPY_PHASE_STRIP = NO;
				DEBUG_INFORMATION_FORMAT = "dwarf-with-dsym";
				ENABLE_NS_ASSERTIONS = NO;
				ENABLE_STRICT_OBJC_MSGSEND = YES;
				GCC_C_LANGUAGE_STANDARD = gnu11;
				GCC_NO_COMMON_BLOCKS = YES;
				GCC_WARN_64_TO_32_BIT_CONVERSION = YES;
				GCC_WARN_ABOUT_RETURN_TYPE = YES_ERROR;
				GCC_WARN_UNDECLARED_SELECTOR = YES;
				GCC_WARN_UNINITIALIZED_AUTOS = YES_AGGRESSIVE;
				GCC_WARN_UNUSED_FUNCTION = YES;
				GCC_WARN_UNUSED_VARIABLE = YES;
				IPHONEOS_DEPLOYMENT_TARGET = 16.4;
				MTL_ENABLE_DEBUG_INFO = NO;
				MTL_FAST_MATH = YES;
				SDKROOT = iphoneos;
				SWIFT_COMPILATION_MODE = wholemodule;
				SWIFT_OPTIMIZATION_LEVEL = "-O";
				VALIDATE_PRODUCT = YES;
			};
			name = Release;
		};
		808AAD852A6C989B008A7DEB /* Debug */ = {
			isa = XCBuildConfiguration;
			buildSettings = {
				ASSETCATALOG_COMPILER_APPICON_NAME = AppIcon;
				ASSETCATALOG_COMPILER_GLOBAL_ACCENT_COLOR_NAME = AccentColor;
				CODE_SIGN_IDENTITY = "Apple Development";
				CODE_SIGN_STYLE = Automatic;
				CURRENT_PROJECT_VERSION = 3;
				DEVELOPMENT_TEAM = 72FR644YQ9;
				GENERATE_INFOPLIST_FILE = YES;
				INFOPLIST_FILE = AdGridTestApp/Info.plist;
				INFOPLIST_KEY_CFBundleDisplayName = AdGridTestApp;
				INFOPLIST_KEY_LSApplicationCategoryType = "public.app-category.utilities";
				INFOPLIST_KEY_UIApplicationSupportsIndirectInputEvents = YES;
				INFOPLIST_KEY_UILaunchStoryboardName = LaunchScreen.storyboard;
				INFOPLIST_KEY_UIMainStoryboardFile = Main;
				INFOPLIST_KEY_UIRequiresFullScreen = YES;
				INFOPLIST_KEY_UISupportedInterfaceOrientations = "UIInterfaceOrientationLandscapeLeft UIInterfaceOrientationLandscapeRight UIInterfaceOrientationPortrait";
				INFOPLIST_KEY_UISupportedInterfaceOrientations_iPad = "UIInterfaceOrientationLandscapeLeft UIInterfaceOrientationLandscapeRight UIInterfaceOrientationPortrait UIInterfaceOrientationPortraitUpsideDown";
				IPHONEOS_DEPLOYMENT_TARGET = 16.0;
				LD_RUNPATH_SEARCH_PATHS = (
					"$(inherited)",
					"@executable_path/Frameworks",
				);
				MARKETING_VERSION = 1.1;
				PRODUCT_BUNDLE_IDENTIFIER = io.adgrid.AdGridTest;
				PRODUCT_NAME = "$(TARGET_NAME)";
				PROVISIONING_PROFILE_SPECIFIER = "";
				SUPPORTED_PLATFORMS = "iphoneos iphonesimulator";
				SUPPORTS_MACCATALYST = NO;
				SUPPORTS_MAC_DESIGNED_FOR_IPHONE_IPAD = NO;
				SWIFT_EMIT_LOC_STRINGS = YES;
				SWIFT_VERSION = 5.0;
				TARGETED_DEVICE_FAMILY = "1,2";
			};
			name = Debug;
		};
		808AAD862A6C989B008A7DEB /* Release */ = {
			isa = XCBuildConfiguration;
			buildSettings = {
				ASSETCATALOG_COMPILER_APPICON_NAME = AppIcon;
				ASSETCATALOG_COMPILER_GLOBAL_ACCENT_COLOR_NAME = AccentColor;
				CODE_SIGN_IDENTITY = "Apple Development";
				CODE_SIGN_STYLE = Automatic;
				CURRENT_PROJECT_VERSION = 3;
				DEVELOPMENT_TEAM = 72FR644YQ9;
				GENERATE_INFOPLIST_FILE = YES;
				INFOPLIST_FILE = AdGridTestApp/Info.plist;
				INFOPLIST_KEY_CFBundleDisplayName = AdGridTestApp;
				INFOPLIST_KEY_LSApplicationCategoryType = "public.app-category.utilities";
				INFOPLIST_KEY_UIApplicationSupportsIndirectInputEvents = YES;
				INFOPLIST_KEY_UILaunchStoryboardName = LaunchScreen.storyboard;
				INFOPLIST_KEY_UIMainStoryboardFile = Main;
				INFOPLIST_KEY_UIRequiresFullScreen = YES;
				INFOPLIST_KEY_UISupportedInterfaceOrientations = "UIInterfaceOrientationLandscapeLeft UIInterfaceOrientationLandscapeRight UIInterfaceOrientationPortrait";
				INFOPLIST_KEY_UISupportedInterfaceOrientations_iPad = "UIInterfaceOrientationLandscapeLeft UIInterfaceOrientationLandscapeRight UIInterfaceOrientationPortrait UIInterfaceOrientationPortraitUpsideDown";
				IPHONEOS_DEPLOYMENT_TARGET = 16.0;
				LD_RUNPATH_SEARCH_PATHS = (
					"$(inherited)",
					"@executable_path/Frameworks",
				);
				MARKETING_VERSION = 1.1;
				PRODUCT_BUNDLE_IDENTIFIER = io.adgrid.AdGridTest;
				PRODUCT_NAME = "$(TARGET_NAME)";
				PROVISIONING_PROFILE_SPECIFIER = "";
				SUPPORTED_PLATFORMS = "iphoneos iphonesimulator";
				SUPPORTS_MACCATALYST = NO;
				SUPPORTS_MAC_DESIGNED_FOR_IPHONE_IPAD = NO;
				SWIFT_EMIT_LOC_STRINGS = YES;
				SWIFT_VERSION = 5.0;
				TARGETED_DEVICE_FAMILY = "1,2";
			};
			name = Release;
		};
/* End XCBuildConfiguration section */

/* Begin XCConfigurationList section */
		808AAD6B2A6C9899008A7DEB /* Build configuration list for PBXProject "AdGridTestApp" */ = {
			isa = XCConfigurationList;
			buildConfigurations = (
				808AAD822A6C989B008A7DEB /* Debug */,
				808AAD832A6C989B008A7DEB /* Release */,
			);
			defaultConfigurationIsVisible = 0;
			defaultConfigurationName = Release;
		};
		808AAD842A6C989B008A7DEB /* Build configuration list for PBXNativeTarget "AdGridTestApp" */ = {
			isa = XCConfigurationList;
			buildConfigurations = (
				808AAD852A6C989B008A7DEB /* Debug */,
				808AAD862A6C989B008A7DEB /* Release */,
			);
			defaultConfigurationIsVisible = 0;
			defaultConfigurationName = Release;
		};
/* End XCConfigurationList section */

/* Begin XCRemoteSwiftPackageReference section */
		804A8AB72A93CF8000A976CC /* XCRemoteSwiftPackageReference "IOS-Mobile-SDK" */ = {
			isa = XCRemoteSwiftPackageReference;
			repositoryURL = "https://github.com/AdGrid/IOS-Mobile-SDK.git";
			requirement = {
				kind = upToNextMinorVersion;
				minimumVersion = 1.0.4;
			};
		};
/* End XCRemoteSwiftPackageReference section */

/* Begin XCSwiftPackageProductDependency section */
		804A8AB82A93CF8000A976CC /* AdGridSDK */ = {
			isa = XCSwiftPackageProductDependency;
			package = 804A8AB72A93CF8000A976CC /* XCRemoteSwiftPackageReference "IOS-Mobile-SDK" */;
			productName = AdGridSDK;
		};
/* End XCSwiftPackageProductDependency section */
	};
	rootObject = 808AAD682A6C9899008A7DEB /* Project object */;
}
