{
  "pins" : [
    {
      "identity" : "ios-mobile-sdk",
      "kind" : "remoteSourceControl",
      "location" : "https://github.com/AdGrid/IOS-Mobile-SDK.git",
      "state" : {
        "revision" : "88a5246262e9659ad0f07fdfd2cd437b668748ff",
        "version" : "1.0.4"
      }
    }
  ],
  "version" : 2
}
