{
  "pins" : [
    {
      "identity" : "ios-mobile-sdk",
      "kind" : "remoteSourceControl",
      "location" : "https://github.com/AdGrid/IOS-Mobile-SDK.git",
      "state" : {
        "revision" : "7ba1fe4d27b72ad5430bd7d9c2c2dcee18db6d10",
        "version" : "1.0.3"
      }
    }
  ],
  "version" : 2
}
