{
  "pins" : [
    {
      "identity" : "ios-mobile-sdk",
      "kind" : "remoteSourceControl",
      "location" : "https://github.com/AdGrid/IOS-Mobile-SDK.git",
      "state" : {
        "revision" : "9cf3b7b8de3cf880316d7a8510031373343c68bc",
        "version" : "1.0.2"
      }
    }
  ],
  "version" : 2
}
